// !$*UTF8*$!
{
	archiveVersion = 1;
	classes = {
	};
	objectVersion = 55;
	objects = {

/* Begin PBXBuildFile section */
		33F6F20255BE07AA66C45DA6 /* Pods_Cluck_Gamepack.framework in Frameworks */ = {isa = PBXBuildFile; fileRef = 20D532BE319F43E259B5688F /* Pods_Cluck_Gamepack.framework */; };
		7241411B2E7988C0000F0503 /* Assets.xcassets in Resources */ = {isa = PBXBuildFile; fileRef = 724141182E7988C0000F0503 /* Assets.xcassets */; };
		7241411C2E7988C0000F0503 /* Cluck_GamepackApp.swift in Sources */ = {isa = PBXBuildFile; fileRef = 724141192E7988C0000F0503 /* Cluck_GamepackApp.swift */; };
		724141232E7988F0000F0503 /* CGLaunchView.swift in Sources */ = {isa = PBXBuildFile; fileRef = 724141202E7988F0000F0503 /* CGLaunchView.swift */; };
		724141242E7988F0000F0503 /* CGHomeWebView.swift in Sources */ = {isa = PBXBuildFile; fileRef = 7241411E2E7988F0000F0503 /* CGHomeWebView.swift */; };
		724141292E7988F6000F0503 /* View+Extensions.swift in Sources */ = {isa = PBXBuildFile; fileRef = 724141252E7988F6000F0503 /* View+Extensions.swift */; };
		7241412A2E7988F6000F0503 /* ShapeStyle+Extensions.swift in Sources */ = {isa = PBXBuildFile; fileRef = 724141272E7988F6000F0503 /* ShapeStyle+Extensions.swift */; };
		7241412B2E7988F6000F0503 /* Color+Extensions.swift in Sources */ = {isa = PBXBuildFile; fileRef = 724141262E7988F6000F0503 /* Color+Extensions.swift */; };
/* End PBXBuildFile section */

/* Begin PBXFileReference section */
		20D532BE319F43E259B5688F /* Pods_Cluck_Gamepack.framework */ = {isa = PBXFileReference; explicitFileType = wrapper.framework; includeInIndex = 0; path = Pods_Cluck_Gamepack.framework; sourceTree = BUILT_PRODUCTS_DIR; };
		604DAAAB9EE7D547B23CE715 /* Pods-Cluck Gamepack.release.xcconfig */ = {isa = PBXFileReference; includeInIndex = 1; lastKnownFileType = text.xcconfig; name = "Pods-Cluck Gamepack.release.xcconfig"; path = "Target Support Files/Pods-Cluck Gamepack/Pods-Cluck Gamepack.release.xcconfig"; sourceTree = "<group>"; };
		724141092E7988A3000F0503 /* Cluck Gamepack.app */ = {isa = PBXFileReference; explicitFileType = wrapper.application; includeInIndex = 0; path = "Cluck Gamepack.app"; sourceTree = BUILT_PRODUCTS_DIR; };
		724141182E7988C0000F0503 /* Assets.xcassets */ = {isa = PBXFileReference; lastKnownFileType = folder.assetcatalog; path = Assets.xcassets; sourceTree = "<group>"; };
		724141192E7988C0000F0503 /* Cluck_GamepackApp.swift */ = {isa = PBXFileReference; lastKnownFileType = sourcecode.swift; path = Cluck_GamepackApp.swift; sourceTree = "<group>"; };
		7241411E2E7988F0000F0503 /* CGHomeWebView.swift */ = {isa = PBXFileReference; lastKnownFileType = sourcecode.swift; path = CGHomeWebView.swift; sourceTree = "<group>"; };
		724141202E7988F0000F0503 /* CGLaunchView.swift */ = {isa = PBXFileReference; lastKnownFileType = sourcecode.swift; path = CGLaunchView.swift; sourceTree = "<group>"; };
		724141252E7988F6000F0503 /* View+Extensions.swift */ = {isa = PBXFileReference; lastKnownFileType = sourcecode.swift; path = "View+Extensions.swift"; sourceTree = "<group>"; };
		724141262E7988F6000F0503 /* Color+Extensions.swift */ = {isa = PBXFileReference; lastKnownFileType = sourcecode.swift; path = "Color+Extensions.swift"; sourceTree = "<group>"; };
		724141272E7988F6000F0503 /* ShapeStyle+Extensions.swift */ = {isa = PBXFileReference; lastKnownFileType = sourcecode.swift; path = "ShapeStyle+Extensions.swift"; sourceTree = "<group>"; };
		7241412C2E7989A2000F0503 /* Cluck-Gamepack-Info.plist */ = {isa = PBXFileReference; lastKnownFileType = text.plist; path = "Cluck-Gamepack-Info.plist"; sourceTree = SOURCE_ROOT; };
		A41BD298548CD421C87C623E /* Pods-Cluck Gamepack.debug.xcconfig */ = {isa = PBXFileReference; includeInIndex = 1; lastKnownFileType = text.xcconfig; name = "Pods-Cluck Gamepack.debug.xcconfig"; path = "Target Support Files/Pods-Cluck Gamepack/Pods-Cluck Gamepack.debug.xcconfig"; sourceTree = "<group>"; };
/* End PBXFileReference section */

/* Begin PBXFrameworksBuildPhase section */
		724141062E7988A3000F0503 /* Frameworks */ = {
			isa = PBXFrameworksBuildPhase;
			buildActionMask = 2147483647;
			files = (
				33F6F20255BE07AA66C45DA6 /* Pods_Cluck_Gamepack.framework in Frameworks */,
			);
			runOnlyForDeploymentPostprocessing = 0;
		};
/* End PBXFrameworksBuildPhase section */

/* Begin PBXGroup section */
		64EE1D7E2669B2CA246A13F6 /* Pods */ = {
			isa = PBXGroup;
			children = (
				A41BD298548CD421C87C623E /* Pods-Cluck Gamepack.debug.xcconfig */,
				604DAAAB9EE7D547B23CE715 /* Pods-Cluck Gamepack.release.xcconfig */,
			);
			name = Pods;
			path = Pods;
			sourceTree = "<group>";
		};
		724141002E7988A3000F0503 = {
			isa = PBXGroup;
			children = (
				7241411A2E7988C0000F0503 /* Cluck Gamepack */,
				7241410A2E7988A3000F0503 /* Products */,
				64EE1D7E2669B2CA246A13F6 /* Pods */,
				FD311CB6E7C960705FCC051D /* Frameworks */,
			);
			sourceTree = "<group>";
		};
		7241410A2E7988A3000F0503 /* Products */ = {
			isa = PBXGroup;
			children = (
				724141092E7988A3000F0503 /* Cluck Gamepack.app */,
			);
			name = Products;
			sourceTree = "<group>";
		};
		7241411A2E7988C0000F0503 /* Cluck Gamepack */ = {
			isa = PBXGroup;
			children = (
				7241412C2E7989A2000F0503 /* Cluck-Gamepack-Info.plist */,
				724141282E7988F6000F0503 /* Extensions */,
				724141222E7988F0000F0503 /* Screens */,
				7241411D2E7988C3000F0503 /* App */,
				724141182E7988C0000F0503 /* Assets.xcassets */,
			);
			path = "Cluck Gamepack";
			sourceTree = "<group>";
		};
		7241411D2E7988C3000F0503 /* App */ = {
			isa = PBXGroup;
			children = (
				724141192E7988C0000F0503 /* Cluck_GamepackApp.swift */,
			);
			path = App;
			sourceTree = "<group>";
		};
		7241411F2E7988F0000F0503 /* HomeWebScreen */ = {
			isa = PBXGroup;
			children = (
				7241411E2E7988F0000F0503 /* CGHomeWebView.swift */,
			);
			path = HomeWebScreen;
			sourceTree = "<group>";
		};
		724141212E7988F0000F0503 /* LaunchScreen */ = {
			isa = PBXGroup;
			children = (
				724141202E7988F0000F0503 /* CGLaunchView.swift */,
			);
			path = LaunchScreen;
			sourceTree = "<group>";
		};
		724141222E7988F0000F0503 /* Screens */ = {
			isa = PBXGroup;
			children = (
				7241411F2E7988F0000F0503 /* HomeWebScreen */,
				724141212E7988F0000F0503 /* LaunchScreen */,
			);
			path = Screens;
			sourceTree = "<group>";
		};
		724141282E7988F6000F0503 /* Extensions */ = {
			isa = PBXGroup;
			children = (
				724141252E7988F6000F0503 /* View+Extensions.swift */,
				724141262E7988F6000F0503 /* Color+Extensions.swift */,
				724141272E7988F6000F0503 /* ShapeStyle+Extensions.swift */,
			);
			path = Extensions;
			sourceTree = "<group>";
		};
		FD311CB6E7C960705FCC051D /* Frameworks */ = {
			isa = PBXGroup;
			children = (
				20D532BE319F43E259B5688F /* Pods_Cluck_Gamepack.framework */,
			);
			name = Frameworks;
			sourceTree = "<group>";
		};
/* End PBXGroup section */

/* Begin PBXNativeTarget section */
		724141082E7988A3000F0503 /* Cluck Gamepack */ = {
			isa = PBXNativeTarget;
			buildConfigurationList = 724141152E7988A4000F0503 /* Build configuration list for PBXNativeTarget "Cluck Gamepack" */;
			buildPhases = (
				EE617CD396563FF1CC1DA6AF /* [CP] Check Pods Manifest.lock */,
				724141052E7988A3000F0503 /* Sources */,
				724141062E7988A3000F0503 /* Frameworks */,
				724141072E7988A3000F0503 /* Resources */,
			);
			buildRules = (
			);
			dependencies = (
			);
			name = "Cluck Gamepack";
			productName = "Cluck Gamepack";
			productReference = 724141092E7988A3000F0503 /* Cluck Gamepack.app */;
			productType = "com.apple.product-type.application";
		};
/* End PBXNativeTarget section */

/* Begin PBXProject section */
		724141012E7988A3000F0503 /* Project object */ = {
			isa = PBXProject;
			attributes = {
				BuildIndependentTargetsInParallel = 1;
				LastSwiftUpdateCheck = 1630;
				LastUpgradeCheck = 1630;
				TargetAttributes = {
					724141082E7988A3000F0503 = {
						CreatedOnToolsVersion = 16.3;
					};
				};
			};
			buildConfigurationList = 724141042E7988A3000F0503 /* Build configuration list for PBXProject "Cluck Gamepack" */;
			developmentRegion = en;
			hasScannedForEncodings = 0;
			knownRegions = (
				en,
				Base,
			);
			mainGroup = 724141002E7988A3000F0503;
			minimizedProjectReferenceProxies = 1;
			preferredProjectObjectVersion = 55;
			productRefGroup = 7241410A2E7988A3000F0503 /* Products */;
			projectDirPath = "";
			projectRoot = "";
			targets = (
				724141082E7988A3000F0503 /* Cluck Gamepack */,
			);
		};
/* End PBXProject section */

/* Begin PBXResourcesBuildPhase section */
		724141072E7988A3000F0503 /* Resources */ = {
			isa = PBXResourcesBuildPhase;
			buildActionMask = 2147483647;
			files = (
				7241411B2E7988C0000F0503 /* Assets.xcassets in Resources */,
			);
			runOnlyForDeploymentPostprocessing = 0;
		};
/* End PBXResourcesBuildPhase section */

/* Begin PBXShellScriptBuildPhase section */
		EE617CD396563FF1CC1DA6AF /* [CP] Check Pods Manifest.lock */ = {
			isa = PBXShellScriptBuildPhase;
			buildActionMask = 2147483647;
			files = (
			);
			inputFileListPaths = (
			);
			inputPaths = (
				"${PODS_PODFILE_DIR_PATH}/Podfile.lock",
				"${PODS_ROOT}/Manifest.lock",
			);
			name = "[CP] Check Pods Manifest.lock";
			outputFileListPaths = (
			);
			outputPaths = (
				"$(DERIVED_FILE_DIR)/Pods-Cluck Gamepack-checkManifestLockResult.txt",
			);
			runOnlyForDeploymentPostprocessing = 0;
			shellPath = /bin/sh;
			shellScript = "diff \"${PODS_PODFILE_DIR_PATH}/Podfile.lock\" \"${PODS_ROOT}/Manifest.lock\" > /dev/null\nif [ $? != 0 ] ; then\n    # print error to STDERR\n    echo \"error: The sandbox is not in sync with the Podfile.lock. Run 'pod install' or update your CocoaPods installation.\" >&2\n    exit 1\nfi\n# This output is used by Xcode 'outputs' to avoid re-running this script phase.\necho \"SUCCESS\" > \"${SCRIPT_OUTPUT_FILE_0}\"\n";
			showEnvVarsInLog = 0;
		};
/* End PBXShellScriptBuildPhase section */

/* Begin PBXSourcesBuildPhase section */
		724141052E7988A3000F0503 /* Sources */ = {
			isa = PBXSourcesBuildPhase;
			buildActionMask = 2147483647;
			files = (
				724141292E7988F6000F0503 /* View+Extensions.swift in Sources */,
				7241412A2E7988F6000F0503 /* ShapeStyle+Extensions.swift in Sources */,
				7241412B2E7988F6000F0503 /* Color+Extensions.swift in Sources */,
				7241411C2E7988C0000F0503 /* Cluck_GamepackApp.swift in Sources */,
				724141232E7988F0000F0503 /* CGLaunchView.swift in Sources */,
				724141242E7988F0000F0503 /* CGHomeWebView.swift in Sources */,
			);
			runOnlyForDeploymentPostprocessing = 0;
		};
/* End PBXSourcesBuildPhase section */

/* Begin XCBuildConfiguration section */
		724141132E7988A4000F0503 /* Debug */ = {
			isa = XCBuildConfiguration;
			buildSettings = {
				ALWAYS_SEARCH_USER_PATHS = NO;
				ASSETCATALOG_COMPILER_GENERATE_SWIFT_ASSET_SYMBOL_EXTENSIONS = YES;
				CLANG_ANALYZER_NONNULL = YES;
				CLANG_ANALYZER_NUMBER_OBJECT_CONVERSION = YES_AGGRESSIVE;
				CLANG_CXX_LANGUAGE_STANDARD = "gnu++20";
				CLANG_ENABLE_MODULES = YES;
				CLANG_ENABLE_OBJC_ARC = YES;
				CLANG_ENABLE_OBJC_WEAK = YES;
				CLANG_WARN_BLOCK_CAPTURE_AUTORELEASING = YES;
				CLANG_WARN_BOOL_CONVERSION = YES;
				CLANG_WARN_COMMA = YES;
				CLANG_WARN_CONSTANT_CONVERSION = YES;
				CLANG_WARN_DEPRECATED_OBJC_IMPLEMENTATIONS = YES;
				CLANG_WARN_DIRECT_OBJC_ISA_USAGE = YES_ERROR;
				CLANG_WARN_DOCUMENTATION_COMMENTS = YES;
				CLANG_WARN_EMPTY_BODY = YES;
				CLANG_WARN_ENUM_CONVERSION = YES;
				CLANG_WARN_INFINITE_RECURSION = YES;
				CLANG_WARN_INT_CONVERSION = YES;
				CLANG_WARN_NON_LITERAL_NULL_CONVERSION = YES;
				CLANG_WARN_OBJC_IMPLICIT_RETAIN_SELF = YES;
				CLANG_WARN_OBJC_LITERAL_CONVERSION = YES;
				CLANG_WARN_OBJC_ROOT_CLASS = YES_ERROR;
				CLANG_WARN_QUOTED_INCLUDE_IN_FRAMEWORK_HEADER = YES;
				CLANG_WARN_RANGE_LOOP_ANALYSIS = YES;
				CLANG_WARN_STRICT_PROTOTYPES = YES;
				CLANG_WARN_SUSPICIOUS_MOVE = YES;
				CLANG_WARN_UNGUARDED_AVAILABILITY = YES_AGGRESSIVE;
				CLANG_WARN_UNREACHABLE_CODE = YES;
				CLANG_WARN__DUPLICATE_METHOD_MATCH = YES;
				COPY_PHASE_STRIP = NO;
				DEBUG_INFORMATION_FORMAT = dwarf;
				ENABLE_STRICT_OBJC_MSGSEND = YES;
				ENABLE_TESTABILITY = YES;
				ENABLE_USER_SCRIPT_SANDBOXING = YES;
				GCC_C_LANGUAGE_STANDARD = gnu17;
				GCC_DYNAMIC_NO_PIC = NO;
				GCC_NO_COMMON_BLOCKS = YES;
				GCC_OPTIMIZATION_LEVEL = 0;
				GCC_PREPROCESSOR_DEFINITIONS = (
					"DEBUG=1",
					"$(inherited)",
				);
				GCC_WARN_64_TO_32_BIT_CONVERSION = YES;
				GCC_WARN_ABOUT_RETURN_TYPE = YES_ERROR;
				GCC_WARN_UNDECLARED_SELECTOR = YES;
				GCC_WARN_UNINITIALIZED_AUTOS = YES_AGGRESSIVE;
				GCC_WARN_UNUSED_FUNCTION = YES;
				GCC_WARN_UNUSED_VARIABLE = YES;
				LOCALIZATION_PREFERS_STRING_CATALOGS = YES;
				MTL_ENABLE_DEBUG_INFO = INCLUDE_SOURCE;
				MTL_FAST_MATH = YES;
				ONLY_ACTIVE_ARCH = YES;
				SWIFT_ACTIVE_COMPILATION_CONDITIONS = "DEBUG $(inherited)";
				SWIFT_OPTIMIZATION_LEVEL = "-Onone";
			};
			name = Debug;
		};
		724141142E7988A4000F0503 /* Release */ = {
			isa = XCBuildConfiguration;
			buildSettings = {
				ALWAYS_SEARCH_USER_PATHS = NO;
				ASSETCATALOG_COMPILER_GENERATE_SWIFT_ASSET_SYMBOL_EXTENSIONS = YES;
				CLANG_ANALYZER_NONNULL = YES;
				CLANG_ANALYZER_NUMBER_OBJECT_CONVERSION = YES_AGGRESSIVE;
				CLANG_CXX_LANGUAGE_STANDARD = "gnu++20";
				CLANG_ENABLE_MODULES = YES;
				CLANG_ENABLE_OBJC_ARC = YES;
				CLANG_ENABLE_OBJC_WEAK = YES;
				CLANG_WARN_BLOCK_CAPTURE_AUTORELEASING = YES;
				CLANG_WARN_BOOL_CONVERSION = YES;
				CLANG_WARN_COMMA = YES;
				CLANG_WARN_CONSTANT_CONVERSION = YES;
				CLANG_WARN_DEPRECATED_OBJC_IMPLEMENTATIONS = YES;
				CLANG_WARN_DIRECT_OBJC_ISA_USAGE = YES_ERROR;
				CLANG_WARN_DOCUMENTATION_COMMENTS = YES;
				CLANG_WARN_EMPTY_BODY = YES;
				CLANG_WARN_ENUM_CONVERSION = YES;
				CLANG_WARN_INFINITE_RECURSION = YES;
				CLANG_WARN_INT_CONVERSION = YES;
				CLANG_WARN_NON_LITERAL_NULL_CONVERSION = YES;
				CLANG_WARN_OBJC_IMPLICIT_RETAIN_SELF = YES;
				CLANG_WARN_OBJC_LITERAL_CONVERSION = YES;
				CLANG_WARN_OBJC_ROOT_CLASS = YES_ERROR;
				CLANG_WARN_QUOTED_INCLUDE_IN_FRAMEWORK_HEADER = YES;
				CLANG_WARN_RANGE_LOOP_ANALYSIS = YES;
				CLANG_WARN_STRICT_PROTOTYPES = YES;
				CLANG_WARN_SUSPICIOUS_MOVE = YES;
				CLANG_WARN_UNGUARDED_AVAILABILITY = YES_AGGRESSIVE;
				CLANG_WARN_UNREACHABLE_CODE = YES;
				CLANG_WARN__DUPLICATE_METHOD_MATCH = YES;
				COPY_PHASE_STRIP = NO;
				DEBUG_INFORMATION_FORMAT = "dwarf-with-dsym";
				ENABLE_NS_ASSERTIONS = NO;
				ENABLE_STRICT_OBJC_MSGSEND = YES;
				ENABLE_USER_SCRIPT_SANDBOXING = YES;
				GCC_C_LANGUAGE_STANDARD = gnu17;
				GCC_NO_COMMON_BLOCKS = YES;
				GCC_WARN_64_TO_32_BIT_CONVERSION = YES;
				GCC_WARN_ABOUT_RETURN_TYPE = YES_ERROR;
				GCC_WARN_UNDECLARED_SELECTOR = YES;
				GCC_WARN_UNINITIALIZED_AUTOS = YES_AGGRESSIVE;
				GCC_WARN_UNUSED_FUNCTION = YES;
				GCC_WARN_UNUSED_VARIABLE = YES;
				LOCALIZATION_PREFERS_STRING_CATALOGS = YES;
				MTL_ENABLE_DEBUG_INFO = NO;
				MTL_FAST_MATH = YES;
				SWIFT_COMPILATION_MODE = wholemodule;
			};
			name = Release;
		};
		724141162E7988A4000F0503 /* Debug */ = {
			isa = XCBuildConfiguration;
			baseConfigurationReference = A41BD298548CD421C87C623E /* Pods-Cluck Gamepack.debug.xcconfig */;
			buildSettings = {
				ASSETCATALOG_COMPILER_APPICON_NAME = AppIcon;
				ASSETCATALOG_COMPILER_GLOBAL_ACCENT_COLOR_NAME = AccentColor;
				CODE_SIGN_STYLE = Automatic;
				CURRENT_PROJECT_VERSION = 1;
				DEVELOPMENT_TEAM = 99Y7AUQG6Y;
				ENABLE_PREVIEWS = YES;
				GENERATE_INFOPLIST_FILE = YES;
				INFOPLIST_FILE = "Cluck-Gamepack-Info.plist";
				"INFOPLIST_KEY_UIApplicationSceneManifest_Generation[sdk=iphoneos*]" = YES;
				"INFOPLIST_KEY_UIApplicationSceneManifest_Generation[sdk=iphonesimulator*]" = YES;
				"INFOPLIST_KEY_UIApplicationSupportsIndirectInputEvents[sdk=iphoneos*]" = YES;
				"INFOPLIST_KEY_UIApplicationSupportsIndirectInputEvents[sdk=iphonesimulator*]" = YES;
				"INFOPLIST_KEY_UILaunchScreen_Generation[sdk=iphoneos*]" = YES;
				"INFOPLIST_KEY_UILaunchScreen_Generation[sdk=iphonesimulator*]" = YES;
				"INFOPLIST_KEY_UIStatusBarStyle[sdk=iphoneos*]" = UIStatusBarStyleDefault;
				"INFOPLIST_KEY_UIStatusBarStyle[sdk=iphonesimulator*]" = UIStatusBarStyleDefault;
				INFOPLIST_KEY_UISupportedInterfaceOrientations = UIInterfaceOrientationPortrait;
				INFOPLIST_KEY_UISupportedInterfaceOrientations_iPad = "UIInterfaceOrientationLandscapeLeft UIInterfaceOrientationLandscapeRight UIInterfaceOrientationPortrait UIInterfaceOrientationPortraitUpsideDown";
				IPHONEOS_DEPLOYMENT_TARGET = 15.0;
				LD_RUNPATH_SEARCH_PATHS = "@executable_path/Frameworks";
				"LD_RUNPATH_SEARCH_PATHS[sdk=macosx*]" = "@executable_path/../Frameworks";
				MACOSX_DEPLOYMENT_TARGET = 15.4;
				MARKETING_VERSION = 1.0;
				PRODUCT_BUNDLE_IDENTIFIER = com.lepskaproj.app;
				PRODUCT_NAME = "$(TARGET_NAME)";
				REGISTER_APP_GROUPS = YES;
				SDKROOT = auto;
				SUPPORTED_PLATFORMS = "iphoneos iphonesimulator";
				SUPPORTS_MACCATALYST = NO;
				SWIFT_EMIT_LOC_STRINGS = YES;
				SWIFT_VERSION = 5.0;
				TARGETED_DEVICE_FAMILY = 1;
				XROS_DEPLOYMENT_TARGET = 2.4;
			};
			name = Debug;
		};
		724141172E7988A4000F0503 /* Release */ = {
			isa = XCBuildConfiguration;
			baseConfigurationReference = 604DAAAB9EE7D547B23CE715 /* Pods-Cluck Gamepack.release.xcconfig */;
			buildSettings = {
				ASSETCATALOG_COMPILER_APPICON_NAME = AppIcon;
				ASSETCATALOG_COMPILER_GLOBAL_ACCENT_COLOR_NAME = AccentColor;
				CODE_SIGN_STYLE = Automatic;
				CURRENT_PROJECT_VERSION = 1;
				DEVELOPMENT_TEAM = 99Y7AUQG6Y;
				ENABLE_PREVIEWS = YES;
				GENERATE_INFOPLIST_FILE = YES;
				INFOPLIST_FILE = "Cluck-Gamepack-Info.plist";
				"INFOPLIST_KEY_UIApplicationSceneManifest_Generation[sdk=iphoneos*]" = YES;
				"INFOPLIST_KEY_UIApplicationSceneManifest_Generation[sdk=iphonesimulator*]" = YES;
				"INFOPLIST_KEY_UIApplicationSupportsIndirectInputEvents[sdk=iphoneos*]" = YES;
				"INFOPLIST_KEY_UIApplicationSupportsIndirectInputEvents[sdk=iphonesimulator*]" = YES;
				"INFOPLIST_KEY_UILaunchScreen_Generation[sdk=iphoneos*]" = YES;
				"INFOPLIST_KEY_UILaunchScreen_Generation[sdk=iphonesimulator*]" = YES;
				"INFOPLIST_KEY_UIStatusBarStyle[sdk=iphoneos*]" = UIStatusBarStyleDefault;
				"INFOPLIST_KEY_UIStatusBarStyle[sdk=iphonesimulator*]" = UIStatusBarStyleDefault;
				INFOPLIST_KEY_UISupportedInterfaceOrientations = UIInterfaceOrientationPortrait;
				INFOPLIST_KEY_UISupportedInterfaceOrientations_iPad = "UIInterfaceOrientationLandscapeLeft UIInterfaceOrientationLandscapeRight UIInterfaceOrientationPortrait UIInterfaceOrientationPortraitUpsideDown";
				IPHONEOS_DEPLOYMENT_TARGET = 15.0;
				LD_RUNPATH_SEARCH_PATHS = "@executable_path/Frameworks";
				"LD_RUNPATH_SEARCH_PATHS[sdk=macosx*]" = "@executable_path/../Frameworks";
				MACOSX_DEPLOYMENT_TARGET = 15.4;
				MARKETING_VERSION = 1.0;
				PRODUCT_BUNDLE_IDENTIFIER = com.lepskaproj.app;
				PRODUCT_NAME = "$(TARGET_NAME)";
				REGISTER_APP_GROUPS = YES;
				SDKROOT = auto;
				SUPPORTED_PLATFORMS = "iphoneos iphonesimulator";
				SUPPORTS_MACCATALYST = NO;
				SWIFT_EMIT_LOC_STRINGS = YES;
				SWIFT_VERSION = 5.0;
				TARGETED_DEVICE_FAMILY = 1;
				XROS_DEPLOYMENT_TARGET = 2.4;
			};
			name = Release;
		};
/* End XCBuildConfiguration section */

/* Begin XCConfigurationList section */
		724141042E7988A3000F0503 /* Build configuration list for PBXProject "Cluck Gamepack" */ = {
			isa = XCConfigurationList;
			buildConfigurations = (
				724141132E7988A4000F0503 /* Debug */,
				724141142E7988A4000F0503 /* Release */,
			);
			defaultConfigurationIsVisible = 0;
			defaultConfigurationName = Release;
		};
		724141152E7988A4000F0503 /* Build configuration list for PBXNativeTarget "Cluck Gamepack" */ = {
			isa = XCConfigurationList;
			buildConfigurations = (
				724141162E7988A4000F0503 /* Debug */,
				724141172E7988A4000F0503 /* Release */,
			);
			defaultConfigurationIsVisible = 0;
			defaultConfigurationName = Release;
		};
/* End XCConfigurationList section */
	};
	rootObject = 724141012E7988A3000F0503 /* Project object */;
}
